
Microsoft Visual Studio Solution File, Format Version 12.00
# Visual Studio Version 16
VisualStudioVersion = 16.0.31729.503
MinimumVisualStudioVersion = 10.0.40219.1
Project("{8BC9CEB8-8B4A-11D0-8D11-00A0C91BC942}") = "TcpServer", "TcpServer\TcpServer.vcxproj", "{09DACC02-A44D-4BD3-B363-782AE526C865}"
EndProject
Project("{8BC9CEB8-8B4A-11D0-8D11-00A0C91BC942}") = "TcpClient", "TcpClient\TcpClient.vcxproj", "{D4EE42C5-F57F-4F4D-A243-0EFBF326979B}"
EndProject
Project("{8BC9CEB8-8B4A-11D0-8D11-00A0C91BC942}") = "DnsResolver", "DnsResolver\DnsResolver.vcxproj", "{38278AFC-5B79-4372-813B-9465E46342C7}"
EndProject
Project("{8BC9CEB8-8B4A-11D0-8D11-00A0C91BC942}") = "StringCats", "StringCats\StringCats.vcxproj", "{916E3D91-E1C4-4267-9CA1-0B3B215EEEAD}"
EndProject
Global
	GlobalSection(SolutionConfigurationPlatforms) = preSolution
		Debug|x64 = Debug|x64
		Debug|x86 = Debug|x86
		Release|x64 = Release|x64
		Release|x86 = Release|x86
	EndGlobalSection
	GlobalSection(ProjectConfigurationPlatforms) = postSolution
		{09DACC02-A44D-4BD3-B363-782AE526C865}.Debug|x64.ActiveCfg = Debug|x64
		{09DACC02-A44D-4BD3-B363-782AE526C865}.Debug|x64.Build.0 = Debug|x64
		{09DACC02-A44D-4BD3-B363-782AE526C865}.Debug|x86.ActiveCfg = Debug|Win32
		{09DACC02-A44D-4BD3-B363-782AE526C865}.Debug|x86.Build.0 = Debug|Win32
		{09DACC02-A44D-4BD3-B363-782AE526C865}.Release|x64.ActiveCfg = Release|x64
		{09DACC02-A44D-4BD3-B363-782AE526C865}.Release|x64.Build.0 = Release|x64
		{09DACC02-A44D-4BD3-B363-782AE526C865}.Release|x86.ActiveCfg = Release|Win32
		{09DACC02-A44D-4BD3-B363-782AE526C865}.Release|x86.Build.0 = Release|Win32
		{D4EE42C5-F57F-4F4D-A243-0EFBF326979B}.Debug|x64.ActiveCfg = Debug|x64
		{D4EE42C5-F57F-4F4D-A243-0EFBF326979B}.Debug|x64.Build.0 = Debug|x64
		{D4EE42C5-F57F-4F4D-A243-0EFBF326979B}.Debug|x86.ActiveCfg = Debug|Win32
		{D4EE42C5-F57F-4F4D-A243-0EFBF326979B}.Debug|x86.Build.0 = Debug|Win32
		{D4EE42C5-F57F-4F4D-A243-0EFBF326979B}.Release|x64.ActiveCfg = Release|x64
		{D4EE42C5-F57F-4F4D-A243-0EFBF326979B}.Release|x64.Build.0 = Release|x64
		{D4EE42C5-F57F-4F4D-A243-0EFBF326979B}.Release|x86.ActiveCfg = Release|Win32
		{D4EE42C5-F57F-4F4D-A243-0EFBF326979B}.Release|x86.Build.0 = Release|Win32
		{38278AFC-5B79-4372-813B-9465E46342C7}.Debug|x64.ActiveCfg = Debug|x64
		{38278AFC-5B79-4372-813B-9465E46342C7}.Debug|x64.Build.0 = Debug|x64
		{38278AFC-5B79-4372-813B-9465E46342C7}.Debug|x86.ActiveCfg = Debug|Win32
		{38278AFC-5B79-4372-813B-9465E46342C7}.Debug|x86.Build.0 = Debug|Win32
		{38278AFC-5B79-4372-813B-9465E46342C7}.Release|x64.ActiveCfg = Release|x64
		{38278AFC-5B79-4372-813B-9465E46342C7}.Release|x64.Build.0 = Release|x64
		{38278AFC-5B79-4372-813B-9465E46342C7}.Release|x86.ActiveCfg = Release|Win32
		{38278AFC-5B79-4372-813B-9465E46342C7}.Release|x86.Build.0 = Release|Win32
		{916E3D91-E1C4-4267-9CA1-0B3B215EEEAD}.Debug|x64.ActiveCfg = Debug|x64
		{916E3D91-E1C4-4267-9CA1-0B3B215EEEAD}.Debug|x64.Build.0 = Debug|x64
		{916E3D91-E1C4-4267-9CA1-0B3B215EEEAD}.Debug|x86.ActiveCfg = Debug|Win32
		{916E3D91-E1C4-4267-9CA1-0B3B215EEEAD}.Debug|x86.Build.0 = Debug|Win32
		{916E3D91-E1C4-4267-9CA1-0B3B215EEEAD}.Release|x64.ActiveCfg = Release|x64
		{916E3D91-E1C4-4267-9CA1-0B3B215EEEAD}.Release|x64.Build.0 = Release|x64
		{916E3D91-E1C4-4267-9CA1-0B3B215EEEAD}.Release|x86.ActiveCfg = Release|Win32
		{916E3D91-E1C4-4267-9CA1-0B3B215EEEAD}.Release|x86.Build.0 = Release|Win32
	EndGlobalSection
	GlobalSection(SolutionProperties) = preSolution
		HideSolutionNode = FALSE
	EndGlobalSection
	GlobalSection(ExtensibilityGlobals) = postSolution
		SolutionGuid = {16C7651C-8D7B-42E3-9D20-B8BD0D595117}
	EndGlobalSection
EndGlobal
